// !$*UTF8*$!
{
	archiveVersion = 1;
	classes = {
	};
	objectVersion = 56;
	objects = {

/* Begin PBXBuildFile section */
		F08988842A66E22E0062BB8E /* SinglePanelView.swift in Sources */ = {isa = PBXBuildFile; fileRef = F08988832A66E22E0062BB8E /* SinglePanelView.swift */; };
		F08988862A66E2F50062BB8E /* Data.swift in Sources */ = {isa = PBXBuildFile; fileRef = F08988852A66E2F50062BB8E /* Data.swift */; };
		F08988882A671E170062BB8E /* ExecutionResultView.swift in Sources */ = {isa = PBXBuildFile; fileRef = F08988872A671E170062BB8E /* ExecutionResultView.swift */; };
		F08988C12A718FF30062BB8E /* MainView.swift in Sources */ = {isa = PBXBuildFile; fileRef = F08988C02A718FF30062BB8E /* MainView.swift */; };
		F08988C32A7192D80062BB8E /* DifficultyView.swift in Sources */ = {isa = PBXBuildFile; fileRef = F08988C22A7192D80062BB8E /* DifficultyView.swift */; };
		F08CEBE62A651081003B3B88 /* strathweb_qsharp_bridge_sampleApp.swift in Sources */ = {isa = PBXBuildFile; fileRef = F08CEBE52A651081003B3B88 /* strathweb_qsharp_bridge_sampleApp.swift */; };
		F08CEBE82A651081003B3B88 /* ExploreView.swift in Sources */ = {isa = PBXBuildFile; fileRef = F08CEBE72A651081003B3B88 /* ExploreView.swift */; };
		F08CEBEA2A651081003B3B88 /* Assets.xcassets in Resources */ = {isa = PBXBuildFile; fileRef = F08CEBE92A651081003B3B88 /* Assets.xcassets */; };
		F08CEBED2A651081003B3B88 /* Preview Assets.xcassets in Resources */ = {isa = PBXBuildFile; fileRef = F08CEBEC2A651081003B3B88 /* Preview Assets.xcassets */; };
		F08CEBFE2A652929003B3B88 /* CodeEditorView in Frameworks */ = {isa = PBXBuildFile; productRef = F08CEBFD2A652929003B3B88 /* CodeEditorView */; };
		F08CEC002A652929003B3B88 /* LanguageSupport in Frameworks */ = {isa = PBXBuildFile; productRef = F08CEBFF2A652929003B3B88 /* LanguageSupport */; };
		F0F20F692B29F9ED000DEED9 /* qsharp_bridge_framework.xcframework in Frameworks */ = {isa = PBXBuildFile; fileRef = F0F20F682B29F9ED000DEED9 /* qsharp_bridge_framework.xcframework */; };
		F0F20F6A2B29F9ED000DEED9 /* qsharp_bridge_framework.xcframework in Embed Frameworks */ = {isa = PBXBuildFile; fileRef = F0F20F682B29F9ED000DEED9 /* qsharp_bridge_framework.xcframework */; settings = {ATTRIBUTES = (CodeSignOnCopy, RemoveHeadersOnCopy, ); }; };
/* End PBXBuildFile section */

/* Begin PBXCopyFilesBuildPhase section */
		F0F20F6B2B29F9ED000DEED9 /* Embed Frameworks */ = {
			isa = PBXCopyFilesBuildPhase;
			buildActionMask = 2147483647;
			dstPath = "";
			dstSubfolderSpec = 10;
			files = (
				F0F20F6A2B29F9ED000DEED9 /* qsharp_bridge_framework.xcframework in Embed Frameworks */,
			);
			name = "Embed Frameworks";
			runOnlyForDeploymentPostprocessing = 0;
		};
/* End PBXCopyFilesBuildPhase section */

/* Begin PBXFileReference section */
		F08988832A66E22E0062BB8E /* SinglePanelView.swift */ = {isa = PBXFileReference; lastKnownFileType = sourcecode.swift; path = SinglePanelView.swift; sourceTree = "<group>"; };
		F08988852A66E2F50062BB8E /* Data.swift */ = {isa = PBXFileReference; lastKnownFileType = sourcecode.swift; path = Data.swift; sourceTree = "<group>"; };
		F08988872A671E170062BB8E /* ExecutionResultView.swift */ = {isa = PBXFileReference; lastKnownFileType = sourcecode.swift; path = ExecutionResultView.swift; sourceTree = "<group>"; };
		F08988BD2A6E9B370062BB8E /* qsharp_bridge_framework.xcframework */ = {isa = PBXFileReference; lastKnownFileType = wrapper.xcframework; name = qsharp_bridge_framework.xcframework; path = libs/qsharp_bridge_framework.xcframework; sourceTree = "<group>"; };
		F08988C02A718FF30062BB8E /* MainView.swift */ = {isa = PBXFileReference; lastKnownFileType = sourcecode.swift; path = MainView.swift; sourceTree = "<group>"; };
		F08988C22A7192D80062BB8E /* DifficultyView.swift */ = {isa = PBXFileReference; lastKnownFileType = sourcecode.swift; path = DifficultyView.swift; sourceTree = "<group>"; };
		F08CEBE22A651081003B3B88 /* qsharp.navigator.app */ = {isa = PBXFileReference; explicitFileType = wrapper.application; includeInIndex = 0; path = qsharp.navigator.app; sourceTree = BUILT_PRODUCTS_DIR; };
		F08CEBE52A651081003B3B88 /* strathweb_qsharp_bridge_sampleApp.swift */ = {isa = PBXFileReference; lastKnownFileType = sourcecode.swift; path = strathweb_qsharp_bridge_sampleApp.swift; sourceTree = "<group>"; };
		F08CEBE72A651081003B3B88 /* ExploreView.swift */ = {isa = PBXFileReference; lastKnownFileType = sourcecode.swift; path = ExploreView.swift; sourceTree = "<group>"; };
		F08CEBE92A651081003B3B88 /* Assets.xcassets */ = {isa = PBXFileReference; lastKnownFileType = folder.assetcatalog; path = Assets.xcassets; sourceTree = "<group>"; };
		F08CEBEC2A651081003B3B88 /* Preview Assets.xcassets */ = {isa = PBXFileReference; lastKnownFileType = folder.assetcatalog; path = "Preview Assets.xcassets"; sourceTree = "<group>"; };
		F0F20F682B29F9ED000DEED9 /* qsharp_bridge_framework.xcframework */ = {isa = PBXFileReference; lastKnownFileType = wrapper.xcframework; name = qsharp_bridge_framework.xcframework; path = ../libs/qsharp_bridge_framework.xcframework; sourceTree = "<group>"; };
/* End PBXFileReference section */

/* Begin PBXFrameworksBuildPhase section */
		F08CEBDF2A651081003B3B88 /* Frameworks */ = {
			isa = PBXFrameworksBuildPhase;
			buildActionMask = 2147483647;
			files = (
				F08CEC002A652929003B3B88 /* LanguageSupport in Frameworks */,
				F08CEBFE2A652929003B3B88 /* CodeEditorView in Frameworks */,
				F0F20F692B29F9ED000DEED9 /* qsharp_bridge_framework.xcframework in Frameworks */,
			);
			runOnlyForDeploymentPostprocessing = 0;
		};
/* End PBXFrameworksBuildPhase section */

/* Begin PBXGroup section */
		F08CEBD92A651081003B3B88 = {
			isa = PBXGroup;
			children = (
				F08CEBE42A651081003B3B88 /* qsharp.navigator */,
				F08CEBE32A651081003B3B88 /* Products */,
				F08CEBF92A651281003B3B88 /* Frameworks */,
			);
			sourceTree = "<group>";
		};
		F08CEBE32A651081003B3B88 /* Products */ = {
			isa = PBXGroup;
			children = (
				F08CEBE22A651081003B3B88 /* qsharp.navigator.app */,
			);
			name = Products;
			sourceTree = "<group>";
		};
		F08CEBE42A651081003B3B88 /* qsharp.navigator */ = {
			isa = PBXGroup;
			children = (
				F08CEBE52A651081003B3B88 /* strathweb_qsharp_bridge_sampleApp.swift */,
				F08CEBE72A651081003B3B88 /* ExploreView.swift */,
				F08CEBE92A651081003B3B88 /* Assets.xcassets */,
				F08CEBEB2A651081003B3B88 /* Preview Content */,
				F08988832A66E22E0062BB8E /* SinglePanelView.swift */,
				F08988852A66E2F50062BB8E /* Data.swift */,
				F08988872A671E170062BB8E /* ExecutionResultView.swift */,
				F08988C02A718FF30062BB8E /* MainView.swift */,
				F08988C22A7192D80062BB8E /* DifficultyView.swift */,
			);
			path = qsharp.navigator;
			sourceTree = "<group>";
		};
		F08CEBEB2A651081003B3B88 /* Preview Content */ = {
			isa = PBXGroup;
			children = (
				F08CEBEC2A651081003B3B88 /* Preview Assets.xcassets */,
			);
			path = "Preview Content";
			sourceTree = "<group>";
		};
		F08CEBF92A651281003B3B88 /* Frameworks */ = {
			isa = PBXGroup;
			children = (
				F0F20F682B29F9ED000DEED9 /* qsharp_bridge_framework.xcframework */,
				F08988BD2A6E9B370062BB8E /* qsharp_bridge_framework.xcframework */,
			);
			name = Frameworks;
			sourceTree = "<group>";
		};
/* End PBXGroup section */

/* Begin PBXNativeTarget section */
		F08CEBE12A651081003B3B88 /* qsharp.navigator */ = {
			isa = PBXNativeTarget;
			buildConfigurationList = F08CEBF02A651081003B3B88 /* Build configuration list for PBXNativeTarget "qsharp.navigator" */;
			buildPhases = (
				F08CEBDE2A651081003B3B88 /* Sources */,
				F08CEBDF2A651081003B3B88 /* Frameworks */,
				F08CEBE02A651081003B3B88 /* Resources */,
				F0F20F6B2B29F9ED000DEED9 /* Embed Frameworks */,
			);
			buildRules = (
			);
			dependencies = (
			);
			name = qsharp.navigator;
			packageProductDependencies = (
				F08CEBFD2A652929003B3B88 /* CodeEditorView */,
				F08CEBFF2A652929003B3B88 /* LanguageSupport */,
			);
			productName = qsharp.navigator;
			productReference = F08CEBE22A651081003B3B88 /* qsharp.navigator.app */;
			productType = "com.apple.product-type.application";
		};
/* End PBXNativeTarget section */

/* Begin PBXProject section */
		F08CEBDA2A651081003B3B88 /* Project object */ = {
			isa = PBXProject;
			attributes = {
				BuildIndependentTargetsInParallel = 1;
				LastSwiftUpdateCheck = 1430;
				LastUpgradeCheck = 1430;
				TargetAttributes = {
					F08CEBE12A651081003B3B88 = {
						CreatedOnToolsVersion = 14.3.1;
					};
				};
			};
			buildConfigurationList = F08CEBDD2A651081003B3B88 /* Build configuration list for PBXProject "qsharp.navigator" */;
			compatibilityVersion = "Xcode 14.0";
			developmentRegion = en;
			hasScannedForEncodings = 0;
			knownRegions = (
				en,
				Base,
			);
			mainGroup = F08CEBD92A651081003B3B88;
			packageReferences = (
				F08CEBFC2A652929003B3B88 /* XCRemoteSwiftPackageReference "CodeEditorView" */,
			);
			productRefGroup = F08CEBE32A651081003B3B88 /* Products */;
			projectDirPath = "";
			projectRoot = "";
			targets = (
				F08CEBE12A651081003B3B88 /* qsharp.navigator */,
			);
		};
/* End PBXProject section */

/* Begin PBXResourcesBuildPhase section */
		F08CEBE02A651081003B3B88 /* Resources */ = {
			isa = PBXResourcesBuildPhase;
			buildActionMask = 2147483647;
			files = (
				F08CEBED2A651081003B3B88 /* Preview Assets.xcassets in Resources */,
				F08CEBEA2A651081003B3B88 /* Assets.xcassets in Resources */,
			);
			runOnlyForDeploymentPostprocessing = 0;
		};
/* End PBXResourcesBuildPhase section */

/* Begin PBXSourcesBuildPhase section */
		F08CEBDE2A651081003B3B88 /* Sources */ = {
			isa = PBXSourcesBuildPhase;
			buildActionMask = 2147483647;
			files = (
				F08988882A671E170062BB8E /* ExecutionResultView.swift in Sources */,
				F08988C12A718FF30062BB8E /* MainView.swift in Sources */,
				F08CEBE82A651081003B3B88 /* ExploreView.swift in Sources */,
				F08988862A66E2F50062BB8E /* Data.swift in Sources */,
				F08988C32A7192D80062BB8E /* DifficultyView.swift in Sources */,
				F08988842A66E22E0062BB8E /* SinglePanelView.swift in Sources */,
				F08CEBE62A651081003B3B88 /* strathweb_qsharp_bridge_sampleApp.swift in Sources */,
			);
			runOnlyForDeploymentPostprocessing = 0;
		};
/* End PBXSourcesBuildPhase section */

/* Begin XCBuildConfiguration section */
		F08CEBEE2A651081003B3B88 /* Debug */ = {
			isa = XCBuildConfiguration;
			buildSettings = {
				ALWAYS_SEARCH_USER_PATHS = NO;
				CLANG_ANALYZER_NONNULL = YES;
				CLANG_ANALYZER_NUMBER_OBJECT_CONVERSION = YES_AGGRESSIVE;
				CLANG_CXX_LANGUAGE_STANDARD = "gnu++20";
				CLANG_ENABLE_MODULES = YES;
				CLANG_ENABLE_OBJC_ARC = YES;
				CLANG_ENABLE_OBJC_WEAK = YES;
				CLANG_WARN_BLOCK_CAPTURE_AUTORELEASING = YES;
				CLANG_WARN_BOOL_CONVERSION = YES;
				CLANG_WARN_COMMA = YES;
				CLANG_WARN_CONSTANT_CONVERSION = YES;
				CLANG_WARN_DEPRECATED_OBJC_IMPLEMENTATIONS = YES;
				CLANG_WARN_DIRECT_OBJC_ISA_USAGE = YES_ERROR;
				CLANG_WARN_DOCUMENTATION_COMMENTS = YES;
				CLANG_WARN_EMPTY_BODY = YES;
				CLANG_WARN_ENUM_CONVERSION = YES;
				CLANG_WARN_INFINITE_RECURSION = YES;
				CLANG_WARN_INT_CONVERSION = YES;
				CLANG_WARN_NON_LITERAL_NULL_CONVERSION = YES;
				CLANG_WARN_OBJC_IMPLICIT_RETAIN_SELF = YES;
				CLANG_WARN_OBJC_LITERAL_CONVERSION = YES;
				CLANG_WARN_OBJC_ROOT_CLASS = YES_ERROR;
				CLANG_WARN_QUOTED_INCLUDE_IN_FRAMEWORK_HEADER = YES;
				CLANG_WARN_RANGE_LOOP_ANALYSIS = YES;
				CLANG_WARN_STRICT_PROTOTYPES = YES;
				CLANG_WARN_SUSPICIOUS_MOVE = YES;
				CLANG_WARN_UNGUARDED_AVAILABILITY = YES_AGGRESSIVE;
				CLANG_WARN_UNREACHABLE_CODE = YES;
				CLANG_WARN__DUPLICATE_METHOD_MATCH = YES;
				COPY_PHASE_STRIP = NO;
				DEBUG_INFORMATION_FORMAT = dwarf;
				ENABLE_STRICT_OBJC_MSGSEND = YES;
				ENABLE_TESTABILITY = YES;
				GCC_C_LANGUAGE_STANDARD = gnu11;
				GCC_DYNAMIC_NO_PIC = NO;
				GCC_NO_COMMON_BLOCKS = YES;
				GCC_OPTIMIZATION_LEVEL = 0;
				GCC_PREPROCESSOR_DEFINITIONS = (
					"DEBUG=1",
					"$(inherited)",
				);
				GCC_WARN_64_TO_32_BIT_CONVERSION = YES;
				GCC_WARN_ABOUT_RETURN_TYPE = YES_ERROR;
				GCC_WARN_UNDECLARED_SELECTOR = YES;
				GCC_WARN_UNINITIALIZED_AUTOS = YES_AGGRESSIVE;
				GCC_WARN_UNUSED_FUNCTION = YES;
				GCC_WARN_UNUSED_VARIABLE = YES;
				IPHONEOS_DEPLOYMENT_TARGET = 16.4;
				MTL_ENABLE_DEBUG_INFO = INCLUDE_SOURCE;
				MTL_FAST_MATH = YES;
				ONLY_ACTIVE_ARCH = YES;
				SDKROOT = iphoneos;
				SWIFT_ACTIVE_COMPILATION_CONDITIONS = DEBUG;
				SWIFT_OPTIMIZATION_LEVEL = "-Onone";
			};
			name = Debug;
		};
		F08CEBEF2A651081003B3B88 /* Release */ = {
			isa = XCBuildConfiguration;
			buildSettings = {
				ALWAYS_SEARCH_USER_PATHS = NO;
				CLANG_ANALYZER_NONNULL = YES;
				CLANG_ANALYZER_NUMBER_OBJECT_CONVERSION = YES_AGGRESSIVE;
				CLANG_CXX_LANGUAGE_STANDARD = "gnu++20";
				CLANG_ENABLE_MODULES = YES;
				CLANG_ENABLE_OBJC_ARC = YES;
				CLANG_ENABLE_OBJC_WEAK = YES;
				CLANG_WARN_BLOCK_CAPTURE_AUTORELEASING = YES;
				CLANG_WARN_BOOL_CONVERSION = YES;
				CLANG_WARN_COMMA = YES;
				CLANG_WARN_CONSTANT_CONVERSION = YES;
				CLANG_WARN_DEPRECATED_OBJC_IMPLEMENTATIONS = YES;
				CLANG_WARN_DIRECT_OBJC_ISA_USAGE = YES_ERROR;
				CLANG_WARN_DOCUMENTATION_COMMENTS = YES;
				CLANG_WARN_EMPTY_BODY = YES;
				CLANG_WARN_ENUM_CONVERSION = YES;
				CLANG_WARN_INFINITE_RECURSION = YES;
				CLANG_WARN_INT_CONVERSION = YES;
				CLANG_WARN_NON_LITERAL_NULL_CONVERSION = YES;
				CLANG_WARN_OBJC_IMPLICIT_RETAIN_SELF = YES;
				CLANG_WARN_OBJC_LITERAL_CONVERSION = YES;
				CLANG_WARN_OBJC_ROOT_CLASS = YES_ERROR;
				CLANG_WARN_QUOTED_INCLUDE_IN_FRAMEWORK_HEADER = YES;
				CLANG_WARN_RANGE_LOOP_ANALYSIS = YES;
				CLANG_WARN_STRICT_PROTOTYPES = YES;
				CLANG_WARN_SUSPICIOUS_MOVE = YES;
				CLANG_WARN_UNGUARDED_AVAILABILITY = YES_AGGRESSIVE;
				CLANG_WARN_UNREACHABLE_CODE = YES;
				CLANG_WARN__DUPLICATE_METHOD_MATCH = YES;
				COPY_PHASE_STRIP = NO;
				DEBUG_INFORMATION_FORMAT = "dwarf-with-dsym";
				ENABLE_NS_ASSERTIONS = NO;
				ENABLE_STRICT_OBJC_MSGSEND = YES;
				GCC_C_LANGUAGE_STANDARD = gnu11;
				GCC_NO_COMMON_BLOCKS = YES;
				GCC_WARN_64_TO_32_BIT_CONVERSION = YES;
				GCC_WARN_ABOUT_RETURN_TYPE = YES_ERROR;
				GCC_WARN_UNDECLARED_SELECTOR = YES;
				GCC_WARN_UNINITIALIZED_AUTOS = YES_AGGRESSIVE;
				GCC_WARN_UNUSED_FUNCTION = YES;
				GCC_WARN_UNUSED_VARIABLE = YES;
				IPHONEOS_DEPLOYMENT_TARGET = 16.4;
				MTL_ENABLE_DEBUG_INFO = NO;
				MTL_FAST_MATH = YES;
				SDKROOT = iphoneos;
				SWIFT_COMPILATION_MODE = wholemodule;
				SWIFT_OPTIMIZATION_LEVEL = "-O";
				VALIDATE_PRODUCT = YES;
			};
			name = Release;
		};
		F08CEBF12A651081003B3B88 /* Debug */ = {
			isa = XCBuildConfiguration;
			buildSettings = {
				ASSETCATALOG_COMPILER_APPICON_NAME = AppIcon;
				ASSETCATALOG_COMPILER_GLOBAL_ACCENT_COLOR_NAME = AccentColor;
				CODE_SIGN_STYLE = Automatic;
				CURRENT_PROJECT_VERSION = 1;
				DEVELOPMENT_ASSET_PATHS = "\"qsharp.navigator/Preview Content\"";
				ENABLE_PREVIEWS = YES;
				FRAMEWORK_SEARCH_PATHS = "";
				GENERATE_INFOPLIST_FILE = YES;
				INFOPLIST_KEY_UIApplicationSceneManifest_Generation = YES;
				INFOPLIST_KEY_UIApplicationSupportsIndirectInputEvents = YES;
				INFOPLIST_KEY_UILaunchScreen_Generation = YES;
				INFOPLIST_KEY_UISupportedInterfaceOrientations_iPad = "UIInterfaceOrientationPortrait UIInterfaceOrientationPortraitUpsideDown UIInterfaceOrientationLandscapeLeft UIInterfaceOrientationLandscapeRight";
				INFOPLIST_KEY_UISupportedInterfaceOrientations_iPhone = "UIInterfaceOrientationPortrait UIInterfaceOrientationLandscapeLeft UIInterfaceOrientationLandscapeRight";
				LD_RUNPATH_SEARCH_PATHS = (
					"$(inherited)",
					"@executable_path/Frameworks",
				);
				LIBRARY_SEARCH_PATHS = "../../../target/aarch64-apple-ios-sim/debug";
				MARKETING_VERSION = 1.0;
				PRODUCT_BUNDLE_IDENTIFIER = strathweb.qsharp.navigator;
				PRODUCT_NAME = "$(TARGET_NAME)";
				SWIFT_EMIT_LOC_STRINGS = YES;
				SWIFT_OBJC_BRIDGING_HEADER = "";
				SWIFT_VERSION = 5.0;
				TARGETED_DEVICE_FAMILY = "1,2";
			};
			name = Debug;
		};
		F08CEBF22A651081003B3B88 /* Release */ = {
			isa = XCBuildConfiguration;
			buildSettings = {
				ASSETCATALOG_COMPILER_APPICON_NAME = AppIcon;
				ASSETCATALOG_COMPILER_GLOBAL_ACCENT_COLOR_NAME = AccentColor;
				CODE_SIGN_STYLE = Automatic;
				CURRENT_PROJECT_VERSION = 1;
				DEVELOPMENT_ASSET_PATHS = "\"qsharp.navigator/Preview Content\"";
				ENABLE_PREVIEWS = YES;
				FRAMEWORK_SEARCH_PATHS = "";
				GENERATE_INFOPLIST_FILE = YES;
				INFOPLIST_KEY_UIApplicationSceneManifest_Generation = YES;
				INFOPLIST_KEY_UIApplicationSupportsIndirectInputEvents = YES;
				INFOPLIST_KEY_UILaunchScreen_Generation = YES;
				INFOPLIST_KEY_UISupportedInterfaceOrientations_iPad = "UIInterfaceOrientationPortrait UIInterfaceOrientationPortraitUpsideDown UIInterfaceOrientationLandscapeLeft UIInterfaceOrientationLandscapeRight";
				INFOPLIST_KEY_UISupportedInterfaceOrientations_iPhone = "UIInterfaceOrientationPortrait UIInterfaceOrientationLandscapeLeft UIInterfaceOrientationLandscapeRight";
				LD_RUNPATH_SEARCH_PATHS = (
					"$(inherited)",
					"@executable_path/Frameworks",
				);
				LIBRARY_SEARCH_PATHS = "../../../target/aarch64-apple-ios-sim/debug";
				MARKETING_VERSION = 1.0;
				PRODUCT_BUNDLE_IDENTIFIER = strathweb.qsharp.navigator;
				PRODUCT_NAME = "$(TARGET_NAME)";
				SWIFT_EMIT_LOC_STRINGS = YES;
				SWIFT_OBJC_BRIDGING_HEADER = "";
				SWIFT_VERSION = 5.0;
				TARGETED_DEVICE_FAMILY = "1,2";
			};
			name = Release;
		};
/* End XCBuildConfiguration section */

/* Begin XCConfigurationList section */
		F08CEBDD2A651081003B3B88 /* Build configuration list for PBXProject "qsharp.navigator" */ = {
			isa = XCConfigurationList;
			buildConfigurations = (
				F08CEBEE2A651081003B3B88 /* Debug */,
				F08CEBEF2A651081003B3B88 /* Release */,
			);
			defaultConfigurationIsVisible = 0;
			defaultConfigurationName = Release;
		};
		F08CEBF02A651081003B3B88 /* Build configuration list for PBXNativeTarget "qsharp.navigator" */ = {
			isa = XCConfigurationList;
			buildConfigurations = (
				F08CEBF12A651081003B3B88 /* Debug */,
				F08CEBF22A651081003B3B88 /* Release */,
			);
			defaultConfigurationIsVisible = 0;
			defaultConfigurationName = Release;
		};
/* End XCConfigurationList section */

/* Begin XCRemoteSwiftPackageReference section */
		F08CEBFC2A652929003B3B88 /* XCRemoteSwiftPackageReference "CodeEditorView" */ = {
			isa = XCRemoteSwiftPackageReference;
			repositoryURL = "https://github.com/mchakravarty/CodeEditorView";
			requirement = {
				kind = upToNextMajorVersion;
				minimumVersion = 0.11.0;
			};
		};
/* End XCRemoteSwiftPackageReference section */

/* Begin XCSwiftPackageProductDependency section */
		F08CEBFD2A652929003B3B88 /* CodeEditorView */ = {
			isa = XCSwiftPackageProductDependency;
			package = F08CEBFC2A652929003B3B88 /* XCRemoteSwiftPackageReference "CodeEditorView" */;
			productName = CodeEditorView;
		};
		F08CEBFF2A652929003B3B88 /* LanguageSupport */ = {
			isa = XCSwiftPackageProductDependency;
			package = F08CEBFC2A652929003B3B88 /* XCRemoteSwiftPackageReference "CodeEditorView" */;
			productName = LanguageSupport;
		};
/* End XCSwiftPackageProductDependency section */
	};
	rootObject = F08CEBDA2A651081003B3B88 /* Project object */;
}
