// !$*UTF8*$!
{
	archiveVersion = 1;
	classes = {
	};
	objectVersion = 60;
	objects = {

/* Begin PBXBuildFile section */
		F07F1B5E2D6E5A6500AA34D7 /* MonacoEditor.swift in Sources */ = {isa = PBXBuildFile; fileRef = F07F1B5D2D6E5A6500AA34D7 /* MonacoEditor.swift */; };
		F07F1B782D6E70DA00AA34D7 /* GCDWebServer in Frameworks */ = {isa = PBXBuildFile; productRef = F07F1B772D6E70DA00AA34D7 /* GCDWebServer */; };
		F07F21FB2D70EA6300AA34D7 /* wasmLoader.js in Resources */ = {isa = PBXBuildFile; fileRef = F07F21F32D70EA6300AA34D7 /* wasmLoader.js */; };
		F07F21FC2D70EA6300AA34D7 /* min-maps in Resources */ = {isa = PBXBuildFile; fileRef = F07F21F42D70EA6300AA34D7 /* min-maps */; };
		F07F21FD2D70EA6300AA34D7 /* qsharp in Resources */ = {isa = PBXBuildFile; fileRef = F07F21F52D70EA6300AA34D7 /* qsharp */; };
		F07F21FE2D70EA6300AA34D7 /* compiler-worker.js in Resources */ = {isa = PBXBuildFile; fileRef = F07F21F62D70EA6300AA34D7 /* compiler-worker.js */; };
		F07F21FF2D70EA6300AA34D7 /* index.js in Resources */ = {isa = PBXBuildFile; fileRef = F07F21F72D70EA6300AA34D7 /* index.js */; };
		F07F22002D70EA6300AA34D7 /* language-service-worker.js in Resources */ = {isa = PBXBuildFile; fileRef = F07F21F82D70EA6300AA34D7 /* language-service-worker.js */; };
		F07F22012D70EA6300AA34D7 /* monaco.html in Resources */ = {isa = PBXBuildFile; fileRef = F07F21F92D70EA6300AA34D7 /* monaco.html */; };
		F07F22022D70EA6300AA34D7 /* vs in Resources */ = {isa = PBXBuildFile; fileRef = F07F21FA2D70EA6300AA34D7 /* vs */; };
		F07F22052D718E9C00AA34D7 /* Qsharp.Bridge in Frameworks */ = {isa = PBXBuildFile; productRef = F07F22042D718E9C00AA34D7 /* Qsharp.Bridge */; };
		F07F22182D72537E00AA34D7 /* Samples in Resources */ = {isa = PBXBuildFile; fileRef = F07F22172D72537E00AA34D7 /* Samples */; };
		F08988842A66E22E0062BB8E /* SinglePanelView.swift in Sources */ = {isa = PBXBuildFile; fileRef = F08988832A66E22E0062BB8E /* SinglePanelView.swift */; };
		F08988862A66E2F50062BB8E /* Data.swift in Sources */ = {isa = PBXBuildFile; fileRef = F08988852A66E2F50062BB8E /* Data.swift */; };
		F08988882A671E170062BB8E /* ExecutionResultView.swift in Sources */ = {isa = PBXBuildFile; fileRef = F08988872A671E170062BB8E /* ExecutionResultView.swift */; };
		F08988C12A718FF30062BB8E /* MainView.swift in Sources */ = {isa = PBXBuildFile; fileRef = F08988C02A718FF30062BB8E /* MainView.swift */; };
		F08988C32A7192D80062BB8E /* DifficultyView.swift in Sources */ = {isa = PBXBuildFile; fileRef = F08988C22A7192D80062BB8E /* DifficultyView.swift */; };
		F08CEBE62A651081003B3B88 /* strathweb_qsharp_bridge_sampleApp.swift in Sources */ = {isa = PBXBuildFile; fileRef = F08CEBE52A651081003B3B88 /* strathweb_qsharp_bridge_sampleApp.swift */; };
		F08CEBE82A651081003B3B88 /* ExploreView.swift in Sources */ = {isa = PBXBuildFile; fileRef = F08CEBE72A651081003B3B88 /* ExploreView.swift */; };
		F08CEBEA2A651081003B3B88 /* Assets.xcassets in Resources */ = {isa = PBXBuildFile; fileRef = F08CEBE92A651081003B3B88 /* Assets.xcassets */; };
		F08CEBED2A651081003B3B88 /* Preview Assets.xcassets in Resources */ = {isa = PBXBuildFile; fileRef = F08CEBEC2A651081003B3B88 /* Preview Assets.xcassets */; };
		F0F20F7B2B2D921B000DEED9 /* CodeExampleModel.swift in Sources */ = {isa = PBXBuildFile; fileRef = F0F20F7A2B2D921B000DEED9 /* CodeExampleModel.swift */; };
/* End PBXBuildFile section */

/* Begin PBXCopyFilesBuildPhase section */
		F0F20F6B2B29F9ED000DEED9 /* Embed Frameworks */ = {
			isa = PBXCopyFilesBuildPhase;
			buildActionMask = 2147483647;
			dstPath = "";
			dstSubfolderSpec = 10;
			files = (
			);
			name = "Embed Frameworks";
			runOnlyForDeploymentPostprocessing = 0;
		};
/* End PBXCopyFilesBuildPhase section */

/* Begin PBXFileReference section */
		F07F1B5D2D6E5A6500AA34D7 /* MonacoEditor.swift */ = {isa = PBXFileReference; lastKnownFileType = sourcecode.swift; path = MonacoEditor.swift; sourceTree = "<group>"; };
		F07F1B682D6E62DE00AA34D7 /* Info.plist */ = {isa = PBXFileReference; lastKnownFileType = text.plist; path = Info.plist; sourceTree = "<group>"; };
		F07F21F32D70EA6300AA34D7 /* wasmLoader.js */ = {isa = PBXFileReference; lastKnownFileType = sourcecode.javascript; name = wasmLoader.js; path = "../monaco-bundle-builder/dist/wasmLoader.js"; sourceTree = "<group>"; };
		F07F21F42D70EA6300AA34D7 /* min-maps */ = {isa = PBXFileReference; lastKnownFileType = folder; name = "min-maps"; path = "../monaco-bundle-builder/dist/min-maps"; sourceTree = "<group>"; };
		F07F21F52D70EA6300AA34D7 /* qsharp */ = {isa = PBXFileReference; lastKnownFileType = folder; name = qsharp; path = "../monaco-bundle-builder/dist/qsharp"; sourceTree = "<group>"; };
		F07F21F62D70EA6300AA34D7 /* compiler-worker.js */ = {isa = PBXFileReference; lastKnownFileType = sourcecode.javascript; name = "compiler-worker.js"; path = "../monaco-bundle-builder/dist/compiler-worker.js"; sourceTree = "<group>"; };
		F07F21F72D70EA6300AA34D7 /* index.js */ = {isa = PBXFileReference; lastKnownFileType = sourcecode.javascript; name = index.js; path = "../monaco-bundle-builder/dist/index.js"; sourceTree = "<group>"; };
		F07F21F82D70EA6300AA34D7 /* language-service-worker.js */ = {isa = PBXFileReference; lastKnownFileType = sourcecode.javascript; name = "language-service-worker.js"; path = "../monaco-bundle-builder/dist/language-service-worker.js"; sourceTree = "<group>"; };
		F07F21F92D70EA6300AA34D7 /* monaco.html */ = {isa = PBXFileReference; lastKnownFileType = text.html; name = monaco.html; path = "../monaco-bundle-builder/dist/monaco.html"; sourceTree = "<group>"; };
		F07F21FA2D70EA6300AA34D7 /* vs */ = {isa = PBXFileReference; lastKnownFileType = folder; name = vs; path = "../monaco-bundle-builder/dist/vs"; sourceTree = "<group>"; };
		F07F22172D72537E00AA34D7 /* Samples */ = {isa = PBXFileReference; lastKnownFileType = folder; path = Samples; sourceTree = "<group>"; };
		F08988832A66E22E0062BB8E /* SinglePanelView.swift */ = {isa = PBXFileReference; lastKnownFileType = sourcecode.swift; path = SinglePanelView.swift; sourceTree = "<group>"; };
		F08988852A66E2F50062BB8E /* Data.swift */ = {isa = PBXFileReference; lastKnownFileType = sourcecode.swift; path = Data.swift; sourceTree = "<group>"; };
		F08988872A671E170062BB8E /* ExecutionResultView.swift */ = {isa = PBXFileReference; lastKnownFileType = sourcecode.swift; path = ExecutionResultView.swift; sourceTree = "<group>"; };
		F08988C02A718FF30062BB8E /* MainView.swift */ = {isa = PBXFileReference; lastKnownFileType = sourcecode.swift; path = MainView.swift; sourceTree = "<group>"; };
		F08988C22A7192D80062BB8E /* DifficultyView.swift */ = {isa = PBXFileReference; lastKnownFileType = sourcecode.swift; path = DifficultyView.swift; sourceTree = "<group>"; };
		F08CEBE22A651081003B3B88 /* qsharp.navigator.app */ = {isa = PBXFileReference; explicitFileType = wrapper.application; includeInIndex = 0; path = qsharp.navigator.app; sourceTree = BUILT_PRODUCTS_DIR; };
		F08CEBE52A651081003B3B88 /* strathweb_qsharp_bridge_sampleApp.swift */ = {isa = PBXFileReference; lastKnownFileType = sourcecode.swift; path = strathweb_qsharp_bridge_sampleApp.swift; sourceTree = "<group>"; };
		F08CEBE72A651081003B3B88 /* ExploreView.swift */ = {isa = PBXFileReference; lastKnownFileType = sourcecode.swift; path = ExploreView.swift; sourceTree = "<group>"; };
		F08CEBE92A651081003B3B88 /* Assets.xcassets */ = {isa = PBXFileReference; lastKnownFileType = folder.assetcatalog; path = Assets.xcassets; sourceTree = "<group>"; };
		F08CEBEC2A651081003B3B88 /* Preview Assets.xcassets */ = {isa = PBXFileReference; lastKnownFileType = folder.assetcatalog; path = "Preview Assets.xcassets"; sourceTree = "<group>"; };
		F0F20F7A2B2D921B000DEED9 /* CodeExampleModel.swift */ = {isa = PBXFileReference; lastKnownFileType = sourcecode.swift; path = CodeExampleModel.swift; sourceTree = "<group>"; };
/* End PBXFileReference section */

/* Begin PBXFrameworksBuildPhase section */
		F08CEBDF2A651081003B3B88 /* Frameworks */ = {
			isa = PBXFrameworksBuildPhase;
			buildActionMask = 2147483647;
			files = (
				F07F22052D718E9C00AA34D7 /* Qsharp.Bridge in Frameworks */,
				F07F1B782D6E70DA00AA34D7 /* GCDWebServer in Frameworks */,
			);
			runOnlyForDeploymentPostprocessing = 0;
		};
/* End PBXFrameworksBuildPhase section */

/* Begin PBXGroup section */
		F08CEBD92A651081003B3B88 = {
			isa = PBXGroup;
			children = (
				F07F22172D72537E00AA34D7 /* Samples */,
				F07F21F62D70EA6300AA34D7 /* compiler-worker.js */,
				F07F21F72D70EA6300AA34D7 /* index.js */,
				F07F21F82D70EA6300AA34D7 /* language-service-worker.js */,
				F07F21F42D70EA6300AA34D7 /* min-maps */,
				F07F21F92D70EA6300AA34D7 /* monaco.html */,
				F07F21F52D70EA6300AA34D7 /* qsharp */,
				F07F21FA2D70EA6300AA34D7 /* vs */,
				F07F21F32D70EA6300AA34D7 /* wasmLoader.js */,
				F08CEBE42A651081003B3B88 /* qsharp.navigator */,
				F08CEBE32A651081003B3B88 /* Products */,
				F08CEBF92A651281003B3B88 /* Frameworks */,
			);
			sourceTree = "<group>";
		};
		F08CEBE32A651081003B3B88 /* Products */ = {
			isa = PBXGroup;
			children = (
				F08CEBE22A651081003B3B88 /* qsharp.navigator.app */,
			);
			name = Products;
			sourceTree = "<group>";
		};
		F08CEBE42A651081003B3B88 /* qsharp.navigator */ = {
			isa = PBXGroup;
			children = (
				F07F1B682D6E62DE00AA34D7 /* Info.plist */,
				F07F1B5D2D6E5A6500AA34D7 /* MonacoEditor.swift */,
				F08CEBE52A651081003B3B88 /* strathweb_qsharp_bridge_sampleApp.swift */,
				F08CEBE72A651081003B3B88 /* ExploreView.swift */,
				F08CEBE92A651081003B3B88 /* Assets.xcassets */,
				F08CEBEB2A651081003B3B88 /* Preview Content */,
				F08988832A66E22E0062BB8E /* SinglePanelView.swift */,
				F08988852A66E2F50062BB8E /* Data.swift */,
				F08988872A671E170062BB8E /* ExecutionResultView.swift */,
				F08988C02A718FF30062BB8E /* MainView.swift */,
				F08988C22A7192D80062BB8E /* DifficultyView.swift */,
				F0F20F7A2B2D921B000DEED9 /* CodeExampleModel.swift */,
			);
			path = qsharp.navigator;
			sourceTree = "<group>";
		};
		F08CEBEB2A651081003B3B88 /* Preview Content */ = {
			isa = PBXGroup;
			children = (
				F08CEBEC2A651081003B3B88 /* Preview Assets.xcassets */,
			);
			path = "Preview Content";
			sourceTree = "<group>";
		};
		F08CEBF92A651281003B3B88 /* Frameworks */ = {
			isa = PBXGroup;
			children = (
			);
			name = Frameworks;
			sourceTree = "<group>";
		};
/* End PBXGroup section */

/* Begin PBXNativeTarget section */
		F08CEBE12A651081003B3B88 /* qsharp.navigator */ = {
			isa = PBXNativeTarget;
			buildConfigurationList = F08CEBF02A651081003B3B88 /* Build configuration list for PBXNativeTarget "qsharp.navigator" */;
			buildPhases = (
				F08CEBDE2A651081003B3B88 /* Sources */,
				F08CEBDF2A651081003B3B88 /* Frameworks */,
				F08CEBE02A651081003B3B88 /* Resources */,
				F0F20F6B2B29F9ED000DEED9 /* Embed Frameworks */,
			);
			buildRules = (
			);
			dependencies = (
			);
			name = qsharp.navigator;
			packageProductDependencies = (
				F07F1B772D6E70DA00AA34D7 /* GCDWebServer */,
				F07F22042D718E9C00AA34D7 /* Qsharp.Bridge */,
			);
			productName = qsharp.navigator;
			productReference = F08CEBE22A651081003B3B88 /* qsharp.navigator.app */;
			productType = "com.apple.product-type.application";
		};
/* End PBXNativeTarget section */

/* Begin PBXProject section */
		F08CEBDA2A651081003B3B88 /* Project object */ = {
			isa = PBXProject;
			attributes = {
				BuildIndependentTargetsInParallel = 1;
				LastSwiftUpdateCheck = 1430;
				LastUpgradeCheck = 1430;
				TargetAttributes = {
					F08CEBE12A651081003B3B88 = {
						CreatedOnToolsVersion = 14.3.1;
					};
				};
			};
			buildConfigurationList = F08CEBDD2A651081003B3B88 /* Build configuration list for PBXProject "qsharp.navigator" */;
			compatibilityVersion = "Xcode 14.0";
			developmentRegion = en;
			hasScannedForEncodings = 0;
			knownRegions = (
				en,
				Base,
			);
			mainGroup = F08CEBD92A651081003B3B88;
			packageReferences = (
				F07F1B762D6E70DA00AA34D7 /* XCRemoteSwiftPackageReference "GCDWebServer" */,
				F07F22032D718E9C00AA34D7 /* XCLocalSwiftPackageReference "../../qsharp-bridge/platforms/swift/Qsharp.Bridge" */,
			);
			productRefGroup = F08CEBE32A651081003B3B88 /* Products */;
			projectDirPath = "";
			projectRoot = "";
			targets = (
				F08CEBE12A651081003B3B88 /* qsharp.navigator */,
			);
		};
/* End PBXProject section */

/* Begin PBXResourcesBuildPhase section */
		F08CEBE02A651081003B3B88 /* Resources */ = {
			isa = PBXResourcesBuildPhase;
			buildActionMask = 2147483647;
			files = (
				F07F22182D72537E00AA34D7 /* Samples in Resources */,
				F07F21FB2D70EA6300AA34D7 /* wasmLoader.js in Resources */,
				F07F21FC2D70EA6300AA34D7 /* min-maps in Resources */,
				F07F21FD2D70EA6300AA34D7 /* qsharp in Resources */,
				F07F21FE2D70EA6300AA34D7 /* compiler-worker.js in Resources */,
				F07F21FF2D70EA6300AA34D7 /* index.js in Resources */,
				F07F22002D70EA6300AA34D7 /* language-service-worker.js in Resources */,
				F07F22012D70EA6300AA34D7 /* monaco.html in Resources */,
				F07F22022D70EA6300AA34D7 /* vs in Resources */,
				F08CEBED2A651081003B3B88 /* Preview Assets.xcassets in Resources */,
				F08CEBEA2A651081003B3B88 /* Assets.xcassets in Resources */,
			);
			runOnlyForDeploymentPostprocessing = 0;
		};
/* End PBXResourcesBuildPhase section */

/* Begin PBXSourcesBuildPhase section */
		F08CEBDE2A651081003B3B88 /* Sources */ = {
			isa = PBXSourcesBuildPhase;
			buildActionMask = 2147483647;
			files = (
				F08988882A671E170062BB8E /* ExecutionResultView.swift in Sources */,
				F07F1B5E2D6E5A6500AA34D7 /* MonacoEditor.swift in Sources */,
				F08988C12A718FF30062BB8E /* MainView.swift in Sources */,
				F08CEBE82A651081003B3B88 /* ExploreView.swift in Sources */,
				F08988862A66E2F50062BB8E /* Data.swift in Sources */,
				F08988C32A7192D80062BB8E /* DifficultyView.swift in Sources */,
				F0F20F7B2B2D921B000DEED9 /* CodeExampleModel.swift in Sources */,
				F08988842A66E22E0062BB8E /* SinglePanelView.swift in Sources */,
				F08CEBE62A651081003B3B88 /* strathweb_qsharp_bridge_sampleApp.swift in Sources */,
			);
			runOnlyForDeploymentPostprocessing = 0;
		};
/* End PBXSourcesBuildPhase section */

/* Begin XCBuildConfiguration section */
		F08CEBEE2A651081003B3B88 /* Debug */ = {
			isa = XCBuildConfiguration;
			buildSettings = {
				ALWAYS_SEARCH_USER_PATHS = NO;
				CLANG_ANALYZER_NONNULL = YES;
				CLANG_ANALYZER_NUMBER_OBJECT_CONVERSION = YES_AGGRESSIVE;
				CLANG_CXX_LANGUAGE_STANDARD = "gnu++20";
				CLANG_ENABLE_MODULES = YES;
				CLANG_ENABLE_OBJC_ARC = YES;
				CLANG_ENABLE_OBJC_WEAK = YES;
				CLANG_WARN_BLOCK_CAPTURE_AUTORELEASING = YES;
				CLANG_WARN_BOOL_CONVERSION = YES;
				CLANG_WARN_COMMA = YES;
				CLANG_WARN_CONSTANT_CONVERSION = YES;
				CLANG_WARN_DEPRECATED_OBJC_IMPLEMENTATIONS = YES;
				CLANG_WARN_DIRECT_OBJC_ISA_USAGE = YES_ERROR;
				CLANG_WARN_DOCUMENTATION_COMMENTS = YES;
				CLANG_WARN_EMPTY_BODY = YES;
				CLANG_WARN_ENUM_CONVERSION = YES;
				CLANG_WARN_INFINITE_RECURSION = YES;
				CLANG_WARN_INT_CONVERSION = YES;
				CLANG_WARN_NON_LITERAL_NULL_CONVERSION = YES;
				CLANG_WARN_OBJC_IMPLICIT_RETAIN_SELF = YES;
				CLANG_WARN_OBJC_LITERAL_CONVERSION = YES;
				CLANG_WARN_OBJC_ROOT_CLASS = YES_ERROR;
				CLANG_WARN_QUOTED_INCLUDE_IN_FRAMEWORK_HEADER = YES;
				CLANG_WARN_RANGE_LOOP_ANALYSIS = YES;
				CLANG_WARN_STRICT_PROTOTYPES = YES;
				CLANG_WARN_SUSPICIOUS_MOVE = YES;
				CLANG_WARN_UNGUARDED_AVAILABILITY = YES_AGGRESSIVE;
				CLANG_WARN_UNREACHABLE_CODE = YES;
				CLANG_WARN__DUPLICATE_METHOD_MATCH = YES;
				COPY_PHASE_STRIP = NO;
				DEBUG_INFORMATION_FORMAT = dwarf;
				ENABLE_STRICT_OBJC_MSGSEND = YES;
				ENABLE_TESTABILITY = YES;
				GCC_C_LANGUAGE_STANDARD = gnu11;
				GCC_DYNAMIC_NO_PIC = NO;
				GCC_NO_COMMON_BLOCKS = YES;
				GCC_OPTIMIZATION_LEVEL = 0;
				GCC_PREPROCESSOR_DEFINITIONS = (
					"DEBUG=1",
					"$(inherited)",
				);
				GCC_WARN_64_TO_32_BIT_CONVERSION = YES;
				GCC_WARN_ABOUT_RETURN_TYPE = YES_ERROR;
				GCC_WARN_UNDECLARED_SELECTOR = YES;
				GCC_WARN_UNINITIALIZED_AUTOS = YES_AGGRESSIVE;
				GCC_WARN_UNUSED_FUNCTION = YES;
				GCC_WARN_UNUSED_VARIABLE = YES;
				IPHONEOS_DEPLOYMENT_TARGET = 16.4;
				MTL_ENABLE_DEBUG_INFO = INCLUDE_SOURCE;
				MTL_FAST_MATH = YES;
				ONLY_ACTIVE_ARCH = YES;
				SDKROOT = iphoneos;
				SWIFT_ACTIVE_COMPILATION_CONDITIONS = DEBUG;
				SWIFT_OPTIMIZATION_LEVEL = "-Onone";
			};
			name = Debug;
		};
		F08CEBEF2A651081003B3B88 /* Release */ = {
			isa = XCBuildConfiguration;
			buildSettings = {
				ALWAYS_SEARCH_USER_PATHS = NO;
				CLANG_ANALYZER_NONNULL = YES;
				CLANG_ANALYZER_NUMBER_OBJECT_CONVERSION = YES_AGGRESSIVE;
				CLANG_CXX_LANGUAGE_STANDARD = "gnu++20";
				CLANG_ENABLE_MODULES = YES;
				CLANG_ENABLE_OBJC_ARC = YES;
				CLANG_ENABLE_OBJC_WEAK = YES;
				CLANG_WARN_BLOCK_CAPTURE_AUTORELEASING = YES;
				CLANG_WARN_BOOL_CONVERSION = YES;
				CLANG_WARN_COMMA = YES;
				CLANG_WARN_CONSTANT_CONVERSION = YES;
				CLANG_WARN_DEPRECATED_OBJC_IMPLEMENTATIONS = YES;
				CLANG_WARN_DIRECT_OBJC_ISA_USAGE = YES_ERROR;
				CLANG_WARN_DOCUMENTATION_COMMENTS = YES;
				CLANG_WARN_EMPTY_BODY = YES;
				CLANG_WARN_ENUM_CONVERSION = YES;
				CLANG_WARN_INFINITE_RECURSION = YES;
				CLANG_WARN_INT_CONVERSION = YES;
				CLANG_WARN_NON_LITERAL_NULL_CONVERSION = YES;
				CLANG_WARN_OBJC_IMPLICIT_RETAIN_SELF = YES;
				CLANG_WARN_OBJC_LITERAL_CONVERSION = YES;
				CLANG_WARN_OBJC_ROOT_CLASS = YES_ERROR;
				CLANG_WARN_QUOTED_INCLUDE_IN_FRAMEWORK_HEADER = YES;
				CLANG_WARN_RANGE_LOOP_ANALYSIS = YES;
				CLANG_WARN_STRICT_PROTOTYPES = YES;
				CLANG_WARN_SUSPICIOUS_MOVE = YES;
				CLANG_WARN_UNGUARDED_AVAILABILITY = YES_AGGRESSIVE;
				CLANG_WARN_UNREACHABLE_CODE = YES;
				CLANG_WARN__DUPLICATE_METHOD_MATCH = YES;
				COPY_PHASE_STRIP = NO;
				DEBUG_INFORMATION_FORMAT = "dwarf-with-dsym";
				ENABLE_NS_ASSERTIONS = NO;
				ENABLE_STRICT_OBJC_MSGSEND = YES;
				GCC_C_LANGUAGE_STANDARD = gnu11;
				GCC_NO_COMMON_BLOCKS = YES;
				GCC_WARN_64_TO_32_BIT_CONVERSION = YES;
				GCC_WARN_ABOUT_RETURN_TYPE = YES_ERROR;
				GCC_WARN_UNDECLARED_SELECTOR = YES;
				GCC_WARN_UNINITIALIZED_AUTOS = YES_AGGRESSIVE;
				GCC_WARN_UNUSED_FUNCTION = YES;
				GCC_WARN_UNUSED_VARIABLE = YES;
				IPHONEOS_DEPLOYMENT_TARGET = 16.4;
				MTL_ENABLE_DEBUG_INFO = NO;
				MTL_FAST_MATH = YES;
				SDKROOT = iphoneos;
				SWIFT_COMPILATION_MODE = wholemodule;
				SWIFT_OPTIMIZATION_LEVEL = "-O";
				VALIDATE_PRODUCT = YES;
			};
			name = Release;
		};
		F08CEBF12A651081003B3B88 /* Debug */ = {
			isa = XCBuildConfiguration;
			buildSettings = {
				ASSETCATALOG_COMPILER_APPICON_NAME = AppIcon;
				ASSETCATALOG_COMPILER_GLOBAL_ACCENT_COLOR_NAME = AccentColor;
				CODE_SIGN_STYLE = Automatic;
				CURRENT_PROJECT_VERSION = 1;
				DEVELOPMENT_ASSET_PATHS = "\"qsharp.navigator/Preview Content\"";
				ENABLE_PREVIEWS = YES;
				FRAMEWORK_SEARCH_PATHS = "";
				GENERATE_INFOPLIST_FILE = YES;
				INFOPLIST_KEY_UIApplicationSceneManifest_Generation = YES;
				INFOPLIST_KEY_UIApplicationSupportsIndirectInputEvents = YES;
				INFOPLIST_KEY_UILaunchScreen_Generation = YES;
				INFOPLIST_KEY_UISupportedInterfaceOrientations_iPad = "UIInterfaceOrientationPortrait UIInterfaceOrientationPortraitUpsideDown UIInterfaceOrientationLandscapeLeft UIInterfaceOrientationLandscapeRight";
				INFOPLIST_KEY_UISupportedInterfaceOrientations_iPhone = "UIInterfaceOrientationPortrait UIInterfaceOrientationLandscapeLeft UIInterfaceOrientationLandscapeRight";
				IPHONEOS_DEPLOYMENT_TARGET = 16.4;
				LD_RUNPATH_SEARCH_PATHS = (
					"$(inherited)",
					"@executable_path/Frameworks",
				);
				LIBRARY_SEARCH_PATHS = "../../../target/aarch64-apple-ios-sim/debug";
				MARKETING_VERSION = 1.0;
				PRODUCT_BUNDLE_IDENTIFIER = strathweb.qsharp.navigator;
				PRODUCT_NAME = "$(TARGET_NAME)";
				SWIFT_EMIT_LOC_STRINGS = YES;
				SWIFT_OBJC_BRIDGING_HEADER = "";
				SWIFT_VERSION = 5.0;
				TARGETED_DEVICE_FAMILY = "1,2";
			};
			name = Debug;
		};
		F08CEBF22A651081003B3B88 /* Release */ = {
			isa = XCBuildConfiguration;
			buildSettings = {
				ASSETCATALOG_COMPILER_APPICON_NAME = AppIcon;
				ASSETCATALOG_COMPILER_GLOBAL_ACCENT_COLOR_NAME = AccentColor;
				CODE_SIGN_STYLE = Automatic;
				CURRENT_PROJECT_VERSION = 1;
				DEVELOPMENT_ASSET_PATHS = "\"qsharp.navigator/Preview Content\"";
				ENABLE_PREVIEWS = YES;
				FRAMEWORK_SEARCH_PATHS = "";
				GENERATE_INFOPLIST_FILE = YES;
				INFOPLIST_KEY_UIApplicationSceneManifest_Generation = YES;
				INFOPLIST_KEY_UIApplicationSupportsIndirectInputEvents = YES;
				INFOPLIST_KEY_UILaunchScreen_Generation = YES;
				INFOPLIST_KEY_UISupportedInterfaceOrientations_iPad = "UIInterfaceOrientationPortrait UIInterfaceOrientationPortraitUpsideDown UIInterfaceOrientationLandscapeLeft UIInterfaceOrientationLandscapeRight";
				INFOPLIST_KEY_UISupportedInterfaceOrientations_iPhone = "UIInterfaceOrientationPortrait UIInterfaceOrientationLandscapeLeft UIInterfaceOrientationLandscapeRight";
				IPHONEOS_DEPLOYMENT_TARGET = 16.4;
				LD_RUNPATH_SEARCH_PATHS = (
					"$(inherited)",
					"@executable_path/Frameworks",
				);
				LIBRARY_SEARCH_PATHS = "../../../target/aarch64-apple-ios-sim/debug";
				MARKETING_VERSION = 1.0;
				PRODUCT_BUNDLE_IDENTIFIER = strathweb.qsharp.navigator;
				PRODUCT_NAME = "$(TARGET_NAME)";
				SWIFT_EMIT_LOC_STRINGS = YES;
				SWIFT_OBJC_BRIDGING_HEADER = "";
				SWIFT_VERSION = 5.0;
				TARGETED_DEVICE_FAMILY = "1,2";
			};
			name = Release;
		};
/* End XCBuildConfiguration section */

/* Begin XCConfigurationList section */
		F08CEBDD2A651081003B3B88 /* Build configuration list for PBXProject "qsharp.navigator" */ = {
			isa = XCConfigurationList;
			buildConfigurations = (
				F08CEBEE2A651081003B3B88 /* Debug */,
				F08CEBEF2A651081003B3B88 /* Release */,
			);
			defaultConfigurationIsVisible = 0;
			defaultConfigurationName = Release;
		};
		F08CEBF02A651081003B3B88 /* Build configuration list for PBXNativeTarget "qsharp.navigator" */ = {
			isa = XCConfigurationList;
			buildConfigurations = (
				F08CEBF12A651081003B3B88 /* Debug */,
				F08CEBF22A651081003B3B88 /* Release */,
			);
			defaultConfigurationIsVisible = 0;
			defaultConfigurationName = Release;
		};
/* End XCConfigurationList section */

/* Begin XCLocalSwiftPackageReference section */
		F07F22032D718E9C00AA34D7 /* XCLocalSwiftPackageReference "../../qsharp-bridge/platforms/swift/Qsharp.Bridge" */ = {
			isa = XCLocalSwiftPackageReference;
			relativePath = "../../qsharp-bridge/platforms/swift/Qsharp.Bridge";
		};
/* End XCLocalSwiftPackageReference section */

/* Begin XCRemoteSwiftPackageReference section */
		F07F1B762D6E70DA00AA34D7 /* XCRemoteSwiftPackageReference "GCDWebServer" */ = {
			isa = XCRemoteSwiftPackageReference;
			repositoryURL = "https://github.com/yene/GCDWebServer.git";
			requirement = {
				kind = upToNextMajorVersion;
				minimumVersion = 3.5.7;
			};
		};
/* End XCRemoteSwiftPackageReference section */

/* Begin XCSwiftPackageProductDependency section */
		F07F1B772D6E70DA00AA34D7 /* GCDWebServer */ = {
			isa = XCSwiftPackageProductDependency;
			package = F07F1B762D6E70DA00AA34D7 /* XCRemoteSwiftPackageReference "GCDWebServer" */;
			productName = GCDWebServer;
		};
		F07F22042D718E9C00AA34D7 /* Qsharp.Bridge */ = {
			isa = XCSwiftPackageProductDependency;
			productName = Qsharp.Bridge;
		};
/* End XCSwiftPackageProductDependency section */
	};
	rootObject = F08CEBDA2A651081003B3B88 /* Project object */;
}
